
Microsoft Visual Studio Solution File, Format Version 12.00
# Visual Studio Version 17
VisualStudioVersion = 17.7.34031.279
MinimumVisualStudioVersion = 10.0.40219.1
Project("{FAE04EC0-301F-11D3-BF4B-00C04F79EFBC}") = "Metal-Code", "Metal-Code.csproj", "{BC573A22-3AFB-490A-BA70-D6E51CB8C7AF}"
EndProject
Global
	GlobalSection(SolutionConfigurationPlatforms) = preSolution
		Debug|Any CPU = Debug|Any CPU
		Release|Any CPU = Release|Any CPU
	EndGlobalSection
	GlobalSection(ProjectConfigurationPlatforms) = postSolution
		{BC573A22-3AFB-490A-BA70-D6E51CB8C7AF}.Debug|Any CPU.ActiveCfg = Debug|Any CPU
		{BC573A22-3AFB-490A-BA70-D6E51CB8C7AF}.Debug|Any CPU.Build.0 = Debug|Any CPU
		{BC573A22-3AFB-490A-BA70-D6E51CB8C7AF}.Release|Any CPU.ActiveCfg = Release|Any CPU
		{BC573A22-3AFB-490A-BA70-D6E51CB8C7AF}.Release|Any CPU.Build.0 = Release|Any CPU
	EndGlobalSection
	GlobalSection(SolutionProperties) = preSolution
		HideSolutionNode = FALSE
	EndGlobalSection
	GlobalSection(ExtensibilityGlobals) = postSolution
		SolutionGuid = {75099BB8-B5BB-42AF-B201-387E4E479FE2}
	EndGlobalSection
EndGlobal
